
Microsoft Visual Studio Solution File, Format Version 12.00
# Visual Studio 15
Project("{FAE04EC0-301F-11D3-BF4B-00C04F79EFBC}") = "Assembly-CSharp", "Assembly-CSharp.csproj", "{3F126F7B-5CA1-BC26-E01A-83B390C89908}"
EndProject
Project("{FAE04EC0-301F-11D3-BF4B-00C04F79EFBC}") = "Assembly-CSharp-Editor", "Assembly-CSharp-Editor.csproj", "{D00B304D-F777-35FA-0533-A9FB60CD5739}"
EndProject
Global
	GlobalSection(SolutionConfigurationPlatforms) = preSolution
		Debug|Any CPU = Debug|Any CPU
		Release|Any CPU = Release|Any CPU
	EndGlobalSection
	GlobalSection(ProjectConfigurationPlatforms) = postSolution
		{3F126F7B-5CA1-BC26-E01A-83B390C89908}.Debug|Any CPU.ActiveCfg = Debug|Any CPU
		{3F126F7B-5CA1-BC26-E01A-83B390C89908}.Debug|Any CPU.Build.0 = Debug|Any CPU
		{3F126F7B-5CA1-BC26-E01A-83B390C89908}.Release|Any CPU.ActiveCfg = Release|Any CPU
		{3F126F7B-5CA1-BC26-E01A-83B390C89908}.Release|Any CPU.Build.0 = Release|Any CPU
		{D00B304D-F777-35FA-0533-A9FB60CD5739}.Debug|Any CPU.ActiveCfg = Debug|Any CPU
		{D00B304D-F777-35FA-0533-A9FB60CD5739}.Debug|Any CPU.Build.0 = Debug|Any CPU
		{D00B304D-F777-35FA-0533-A9FB60CD5739}.Release|Any CPU.ActiveCfg = Release|Any CPU
		{D00B304D-F777-35FA-0533-A9FB60CD5739}.Release|Any CPU.Build.0 = Release|Any CPU
	EndGlobalSection
	GlobalSection(SolutionProperties) = preSolution
		HideSolutionNode = FALSE
	EndGlobalSection
EndGlobal
